{
  "name": "temp",
  "version": "1.0.0",
  "lockfileVersion": 2,
  "requires": true,
  "packages": {
    "": {
      "name": "temp",
      "version": "1.0.0",
      "license": "ISC",
      "workspaces": [
        "packages/is-odd",
        "packages/is-even",
        "packages/math-stuff"
      ]
    },
    "node_modules/@lisadean/is-even": {
      "resolved": "packages/is-even",
      "link": true
    },
    "node_modules/@lisadean/is-odd": {
      "resolved": "packages/is-odd",
      "link": true
    },
    "node_modules/@lisadean/math-stuff": {
      "resolved": "packages/math-stuff",
      "link": true
    },
    "node_modules/abbrev": {
      "version": "2.0.0",
      "resolved": "https://registry.npmjs.org/abbrev/-/abbrev-2.0.0.tgz",
      "integrity": "sha512-6/mh1E2u2YgEsCHdY0Yx5oW+61gZU+1vXaoiHHrpKeuRNNgFvS+/jrwHiQhB5apAf5oB7UB7E19ol2R2LKH8hQ==",
      "engines": {
        "node": "^14.17.0 || ^16.13.0 || >=18.0.0"
      }
    },
    "packages/is-even": {
      "name": "@lisadean/is-even",
      "version": "1.0.0",
      "license": "ISC"
    },
    "packages/is-odd": {
      "name": "@lisadean/is-odd",
      "version": "1.0.0",
      "license": "ISC",
      "dependencies": {
        "abbrev": "^2.0.0"
      }
    },
    "packages/math-stuff": {
      "name": "@lisadean/math-stuff",
      "version": "1.0.0",
      "license": "ISC",
      "devDependencies": {}
    }
  },
  "dependencies": {
    "@lisadean/is-even": {
      "version": "file:packages/is-even"
    },
    "@lisadean/is-odd": {
      "version": "file:packages/is-odd",
      "requires": {
        "abbrev": "^2.0.0"
      }
    },
    "@lisadean/math-stuff": {
      "version": "file:packages/math-stuff"
    },
    "abbrev": {
      "version": "2.0.0",
      "resolved": "https://registry.npmjs.org/abbrev/-/abbrev-2.0.0.tgz",
      "integrity": "sha512-6/mh1E2u2YgEsCHdY0Yx5oW+61gZU+1vXaoiHHrpKeuRNNgFvS+/jrwHiQhB5apAf5oB7UB7E19ol2R2LKH8hQ=="
    }
  }
}
